{
  "object": {
    "pins": [
      {
        "package": "Stapel",
        "repositoryURL": "https://github.com/BrunoScheufler/Stapel.git",
        "state": {
          "branch": null,
          "revision": "a766cd8a16aec3ba68eccc286199399f71e3930a",
          "version": "1.1.2"
        }
      }
    ]
  },
  "version": 1
}
