{
  "object": {
    "pins": [
      {
        "package": "Stapel",
        "repositoryURL": "https://github.com/BrunoScheufler/Stapel.git",
        "state": {
          "branch": null,
          "revision": "0b422f57591477c845a7176dc8d9314c5eb58a81",
          "version": "1.1.1"
        }
      }
    ]
  },
  "version": 1
}
