{
  "object": {
    "pins": [
      {
        "package": "Stapel",
        "repositoryURL": "https://github.com/BrunoScheufler/Stapel.git",
        "state": {
          "branch": null,
          "revision": "154b4e0ff93b2a8999b2c66776c78ec5c827be9e",
          "version": "1.1.0"
        }
      }
    ]
  },
  "version": 1
}
