// !$*UTF8*$!
{
	archiveVersion = 1;
	classes = {
	};
	objectVersion = 52;
	objects = {

/* Begin PBXBuildFile section */
		157D28B0259FA61800DA1642 /* App.swift in Sources */ = {isa = PBXBuildFile; fileRef = 157D28AF259FA61800DA1642 /* App.swift */; };
		157D28B4259FA61900DA1642 /* Assets.xcassets in Resources */ = {isa = PBXBuildFile; fileRef = 157D28B3259FA61900DA1642 /* Assets.xcassets */; };
		157D28B7259FA61900DA1642 /* Preview Assets.xcassets in Resources */ = {isa = PBXBuildFile; fileRef = 157D28B6259FA61900DA1642 /* Preview Assets.xcassets */; };
		157D28CD259FA61A00DA1642 /* Tests.swift in Sources */ = {isa = PBXBuildFile; fileRef = 157D28CC259FA61A00DA1642 /* Tests.swift */; };
		157D290F259FAAD600DA1642 /* Stapel in Frameworks */ = {isa = PBXBuildFile; productRef = 157D290E259FAAD600DA1642 /* Stapel */; };
/* End PBXBuildFile section */

/* Begin PBXContainerItemProxy section */
		157D28C9259FA61A00DA1642 /* PBXContainerItemProxy */ = {
			isa = PBXContainerItemProxy;
			containerPortal = 157D28A4259FA61700DA1642 /* Project object */;
			proxyType = 1;
			remoteGlobalIDString = 157D28AB259FA61800DA1642;
			remoteInfo = StapelUITests;
		};
/* End PBXContainerItemProxy section */

/* Begin PBXFileReference section */
		157D28AF259FA61800DA1642 /* App.swift */ = {isa = PBXFileReference; lastKnownFileType = sourcecode.swift; path = App.swift; sourceTree = "<group>"; };
		157D28B3259FA61900DA1642 /* Assets.xcassets */ = {isa = PBXFileReference; lastKnownFileType = folder.assetcatalog; path = Assets.xcassets; sourceTree = "<group>"; };
		157D28B6259FA61900DA1642 /* Preview Assets.xcassets */ = {isa = PBXFileReference; lastKnownFileType = folder.assetcatalog; path = "Preview Assets.xcassets"; sourceTree = "<group>"; };
		157D28B8259FA61900DA1642 /* Info.plist */ = {isa = PBXFileReference; lastKnownFileType = text.plist.xml; path = Info.plist; sourceTree = "<group>"; };
		157D28CC259FA61A00DA1642 /* Tests.swift */ = {isa = PBXFileReference; lastKnownFileType = sourcecode.swift; path = Tests.swift; sourceTree = "<group>"; };
		157D28CE259FA61A00DA1642 /* Info.plist */ = {isa = PBXFileReference; lastKnownFileType = text.plist.xml; path = Info.plist; sourceTree = "<group>"; };
		157D28E0259FA6A000DA1642 /* App.app */ = {isa = PBXFileReference; explicitFileType = wrapper.application; includeInIndex = 0; path = App.app; sourceTree = BUILT_PRODUCTS_DIR; };
		157D28E2259FA6A000DA1642 /* Tests.xctest */ = {isa = PBXFileReference; explicitFileType = wrapper.cfbundle; includeInIndex = 0; path = Tests.xctest; sourceTree = BUILT_PRODUCTS_DIR; };
		157D290A259FAA2900DA1642 /* Stapel */ = {isa = PBXFileReference; lastKnownFileType = folder; name = Stapel; path = ..; sourceTree = "<group>"; };
/* End PBXFileReference section */

/* Begin PBXFrameworksBuildPhase section */
		157D28A9259FA61800DA1642 /* Frameworks */ = {
			isa = PBXFrameworksBuildPhase;
			buildActionMask = 2147483647;
			files = (
				157D290F259FAAD600DA1642 /* Stapel in Frameworks */,
			);
			runOnlyForDeploymentPostprocessing = 0;
		};
		157D28C5259FA61A00DA1642 /* Frameworks */ = {
			isa = PBXFrameworksBuildPhase;
			buildActionMask = 2147483647;
			files = (
			);
			runOnlyForDeploymentPostprocessing = 0;
		};
/* End PBXFrameworksBuildPhase section */

/* Begin PBXGroup section */
		157D28A3259FA61700DA1642 = {
			isa = PBXGroup;
			children = (
				157D28AE259FA61800DA1642 /* App */,
				157D28CB259FA61A00DA1642 /* Tests */,
				157D28E0259FA6A000DA1642 /* App.app */,
				157D28E2259FA6A000DA1642 /* Tests.xctest */,
				157D2909259FAA2900DA1642 /* Frameworks */,
			);
			sourceTree = "<group>";
		};
		157D28AE259FA61800DA1642 /* App */ = {
			isa = PBXGroup;
			children = (
				157D28AF259FA61800DA1642 /* App.swift */,
				157D28B3259FA61900DA1642 /* Assets.xcassets */,
				157D28B8259FA61900DA1642 /* Info.plist */,
				157D28B5259FA61900DA1642 /* Preview Content */,
			);
			path = App;
			sourceTree = "<group>";
		};
		157D28B5259FA61900DA1642 /* Preview Content */ = {
			isa = PBXGroup;
			children = (
				157D28B6259FA61900DA1642 /* Preview Assets.xcassets */,
			);
			path = "Preview Content";
			sourceTree = "<group>";
		};
		157D28CB259FA61A00DA1642 /* Tests */ = {
			isa = PBXGroup;
			children = (
				157D28CC259FA61A00DA1642 /* Tests.swift */,
				157D28CE259FA61A00DA1642 /* Info.plist */,
			);
			path = Tests;
			sourceTree = "<group>";
		};
		157D2909259FAA2900DA1642 /* Frameworks */ = {
			isa = PBXGroup;
			children = (
				157D290A259FAA2900DA1642 /* Stapel */,
			);
			name = Frameworks;
			sourceTree = "<group>";
		};
/* End PBXGroup section */

/* Begin PBXNativeTarget section */
		157D28AB259FA61800DA1642 /* App */ = {
			isa = PBXNativeTarget;
			buildConfigurationList = 157D28D1259FA61A00DA1642 /* Build configuration list for PBXNativeTarget "App" */;
			buildPhases = (
				157D28A8259FA61800DA1642 /* Sources */,
				157D28A9259FA61800DA1642 /* Frameworks */,
				157D28AA259FA61800DA1642 /* Resources */,
			);
			buildRules = (
			);
			dependencies = (
			);
			name = App;
			packageProductDependencies = (
				157D290E259FAAD600DA1642 /* Stapel */,
			);
			productName = StapelUITests;
			productReference = 157D28E0259FA6A000DA1642 /* App.app */;
			productType = "com.apple.product-type.application";
		};
		157D28C7259FA61A00DA1642 /* Tests */ = {
			isa = PBXNativeTarget;
			buildConfigurationList = 157D28D7259FA61A00DA1642 /* Build configuration list for PBXNativeTarget "Tests" */;
			buildPhases = (
				157D28C4259FA61A00DA1642 /* Sources */,
				157D28C5259FA61A00DA1642 /* Frameworks */,
				157D28C6259FA61A00DA1642 /* Resources */,
			);
			buildRules = (
			);
			dependencies = (
				157D28CA259FA61A00DA1642 /* PBXTargetDependency */,
			);
			name = Tests;
			productName = StapelUITestsUITests;
			productReference = 157D28E2259FA6A000DA1642 /* Tests.xctest */;
			productType = "com.apple.product-type.bundle.ui-testing";
		};
/* End PBXNativeTarget section */

/* Begin PBXProject section */
		157D28A4259FA61700DA1642 /* Project object */ = {
			isa = PBXProject;
			attributes = {
				LastSwiftUpdateCheck = 1230;
				LastUpgradeCheck = 1230;
				TargetAttributes = {
					157D28AB259FA61800DA1642 = {
						CreatedOnToolsVersion = 12.3;
					};
					157D28C7259FA61A00DA1642 = {
						CreatedOnToolsVersion = 12.3;
						TestTargetID = 157D28AB259FA61800DA1642;
					};
				};
			};
			buildConfigurationList = 157D28A7259FA61700DA1642 /* Build configuration list for PBXProject "StapelUITests" */;
			compatibilityVersion = "Xcode 9.3";
			developmentRegion = en;
			hasScannedForEncodings = 0;
			knownRegions = (
				en,
				Base,
			);
			mainGroup = 157D28A3259FA61700DA1642;
			packageReferences = (
				157D290D259FAAD600DA1642 /* XCRemoteSwiftPackageReference "Stapel" */,
			);
			productRefGroup = 157D28A3259FA61700DA1642;
			projectDirPath = "";
			projectRoot = "";
			targets = (
				157D28AB259FA61800DA1642 /* App */,
				157D28C7259FA61A00DA1642 /* Tests */,
			);
		};
/* End PBXProject section */

/* Begin PBXResourcesBuildPhase section */
		157D28AA259FA61800DA1642 /* Resources */ = {
			isa = PBXResourcesBuildPhase;
			buildActionMask = 2147483647;
			files = (
				157D28B7259FA61900DA1642 /* Preview Assets.xcassets in Resources */,
				157D28B4259FA61900DA1642 /* Assets.xcassets in Resources */,
			);
			runOnlyForDeploymentPostprocessing = 0;
		};
		157D28C6259FA61A00DA1642 /* Resources */ = {
			isa = PBXResourcesBuildPhase;
			buildActionMask = 2147483647;
			files = (
			);
			runOnlyForDeploymentPostprocessing = 0;
		};
/* End PBXResourcesBuildPhase section */

/* Begin PBXSourcesBuildPhase section */
		157D28A8259FA61800DA1642 /* Sources */ = {
			isa = PBXSourcesBuildPhase;
			buildActionMask = 2147483647;
			files = (
				157D28B0259FA61800DA1642 /* App.swift in Sources */,
			);
			runOnlyForDeploymentPostprocessing = 0;
		};
		157D28C4259FA61A00DA1642 /* Sources */ = {
			isa = PBXSourcesBuildPhase;
			buildActionMask = 2147483647;
			files = (
				157D28CD259FA61A00DA1642 /* Tests.swift in Sources */,
			);
			runOnlyForDeploymentPostprocessing = 0;
		};
/* End PBXSourcesBuildPhase section */

/* Begin PBXTargetDependency section */
		157D28CA259FA61A00DA1642 /* PBXTargetDependency */ = {
			isa = PBXTargetDependency;
			target = 157D28AB259FA61800DA1642 /* App */;
			targetProxy = 157D28C9259FA61A00DA1642 /* PBXContainerItemProxy */;
		};
/* End PBXTargetDependency section */

/* Begin XCBuildConfiguration section */
		157D28CF259FA61A00DA1642 /* Debug */ = {
			isa = XCBuildConfiguration;
			buildSettings = {
				ALWAYS_SEARCH_USER_PATHS = NO;
				CLANG_ANALYZER_NONNULL = YES;
				CLANG_ANALYZER_NUMBER_OBJECT_CONVERSION = YES_AGGRESSIVE;
				CLANG_CXX_LANGUAGE_STANDARD = "gnu++14";
				CLANG_CXX_LIBRARY = "libc++";
				CLANG_ENABLE_MODULES = YES;
				CLANG_ENABLE_OBJC_ARC = YES;
				CLANG_ENABLE_OBJC_WEAK = YES;
				CLANG_WARN_BLOCK_CAPTURE_AUTORELEASING = YES;
				CLANG_WARN_BOOL_CONVERSION = YES;
				CLANG_WARN_COMMA = YES;
				CLANG_WARN_CONSTANT_CONVERSION = YES;
				CLANG_WARN_DEPRECATED_OBJC_IMPLEMENTATIONS = YES;
				CLANG_WARN_DIRECT_OBJC_ISA_USAGE = YES_ERROR;
				CLANG_WARN_DOCUMENTATION_COMMENTS = YES;
				CLANG_WARN_EMPTY_BODY = YES;
				CLANG_WARN_ENUM_CONVERSION = YES;
				CLANG_WARN_INFINITE_RECURSION = YES;
				CLANG_WARN_INT_CONVERSION = YES;
				CLANG_WARN_NON_LITERAL_NULL_CONVERSION = YES;
				CLANG_WARN_OBJC_IMPLICIT_RETAIN_SELF = YES;
				CLANG_WARN_OBJC_LITERAL_CONVERSION = YES;
				CLANG_WARN_OBJC_ROOT_CLASS = YES_ERROR;
				CLANG_WARN_QUOTED_INCLUDE_IN_FRAMEWORK_HEADER = YES;
				CLANG_WARN_RANGE_LOOP_ANALYSIS = YES;
				CLANG_WARN_STRICT_PROTOTYPES = YES;
				CLANG_WARN_SUSPICIOUS_MOVE = YES;
				CLANG_WARN_UNGUARDED_AVAILABILITY = YES_AGGRESSIVE;
				CLANG_WARN_UNREACHABLE_CODE = YES;
				CLANG_WARN__DUPLICATE_METHOD_MATCH = YES;
				COPY_PHASE_STRIP = NO;
				DEBUG_INFORMATION_FORMAT = dwarf;
				ENABLE_STRICT_OBJC_MSGSEND = YES;
				ENABLE_TESTABILITY = YES;
				GCC_C_LANGUAGE_STANDARD = gnu11;
				GCC_DYNAMIC_NO_PIC = NO;
				GCC_NO_COMMON_BLOCKS = YES;
				GCC_OPTIMIZATION_LEVEL = 0;
				GCC_PREPROCESSOR_DEFINITIONS = (
					"DEBUG=1",
					"$(inherited)",
				);
				GCC_WARN_64_TO_32_BIT_CONVERSION = YES;
				GCC_WARN_ABOUT_RETURN_TYPE = YES_ERROR;
				GCC_WARN_UNDECLARED_SELECTOR = YES;
				GCC_WARN_UNINITIALIZED_AUTOS = YES_AGGRESSIVE;
				GCC_WARN_UNUSED_FUNCTION = YES;
				GCC_WARN_UNUSED_VARIABLE = YES;
				IPHONEOS_DEPLOYMENT_TARGET = 14.3;
				MTL_ENABLE_DEBUG_INFO = INCLUDE_SOURCE;
				MTL_FAST_MATH = YES;
				ONLY_ACTIVE_ARCH = YES;
				SDKROOT = iphoneos;
				SWIFT_ACTIVE_COMPILATION_CONDITIONS = DEBUG;
				SWIFT_OPTIMIZATION_LEVEL = "-Onone";
			};
			name = Debug;
		};
		157D28D0259FA61A00DA1642 /* Release */ = {
			isa = XCBuildConfiguration;
			buildSettings = {
				ALWAYS_SEARCH_USER_PATHS = NO;
				CLANG_ANALYZER_NONNULL = YES;
				CLANG_ANALYZER_NUMBER_OBJECT_CONVERSION = YES_AGGRESSIVE;
				CLANG_CXX_LANGUAGE_STANDARD = "gnu++14";
				CLANG_CXX_LIBRARY = "libc++";
				CLANG_ENABLE_MODULES = YES;
				CLANG_ENABLE_OBJC_ARC = YES;
				CLANG_ENABLE_OBJC_WEAK = YES;
				CLANG_WARN_BLOCK_CAPTURE_AUTORELEASING = YES;
				CLANG_WARN_BOOL_CONVERSION = YES;
				CLANG_WARN_COMMA = YES;
				CLANG_WARN_CONSTANT_CONVERSION = YES;
				CLANG_WARN_DEPRECATED_OBJC_IMPLEMENTATIONS = YES;
				CLANG_WARN_DIRECT_OBJC_ISA_USAGE = YES_ERROR;
				CLANG_WARN_DOCUMENTATION_COMMENTS = YES;
				CLANG_WARN_EMPTY_BODY = YES;
				CLANG_WARN_ENUM_CONVERSION = YES;
				CLANG_WARN_INFINITE_RECURSION = YES;
				CLANG_WARN_INT_CONVERSION = YES;
				CLANG_WARN_NON_LITERAL_NULL_CONVERSION = YES;
				CLANG_WARN_OBJC_IMPLICIT_RETAIN_SELF = YES;
				CLANG_WARN_OBJC_LITERAL_CONVERSION = YES;
				CLANG_WARN_OBJC_ROOT_CLASS = YES_ERROR;
				CLANG_WARN_QUOTED_INCLUDE_IN_FRAMEWORK_HEADER = YES;
				CLANG_WARN_RANGE_LOOP_ANALYSIS = YES;
				CLANG_WARN_STRICT_PROTOTYPES = YES;
				CLANG_WARN_SUSPICIOUS_MOVE = YES;
				CLANG_WARN_UNGUARDED_AVAILABILITY = YES_AGGRESSIVE;
				CLANG_WARN_UNREACHABLE_CODE = YES;
				CLANG_WARN__DUPLICATE_METHOD_MATCH = YES;
				COPY_PHASE_STRIP = NO;
				DEBUG_INFORMATION_FORMAT = "dwarf-with-dsym";
				ENABLE_NS_ASSERTIONS = NO;
				ENABLE_STRICT_OBJC_MSGSEND = YES;
				GCC_C_LANGUAGE_STANDARD = gnu11;
				GCC_NO_COMMON_BLOCKS = YES;
				GCC_WARN_64_TO_32_BIT_CONVERSION = YES;
				GCC_WARN_ABOUT_RETURN_TYPE = YES_ERROR;
				GCC_WARN_UNDECLARED_SELECTOR = YES;
				GCC_WARN_UNINITIALIZED_AUTOS = YES_AGGRESSIVE;
				GCC_WARN_UNUSED_FUNCTION = YES;
				GCC_WARN_UNUSED_VARIABLE = YES;
				IPHONEOS_DEPLOYMENT_TARGET = 14.3;
				MTL_ENABLE_DEBUG_INFO = NO;
				MTL_FAST_MATH = YES;
				SDKROOT = iphoneos;
				SWIFT_COMPILATION_MODE = wholemodule;
				SWIFT_OPTIMIZATION_LEVEL = "-O";
				VALIDATE_PRODUCT = YES;
			};
			name = Release;
		};
		157D28D2259FA61A00DA1642 /* Debug */ = {
			isa = XCBuildConfiguration;
			buildSettings = {
				ASSETCATALOG_COMPILER_APPICON_NAME = AppIcon;
				ASSETCATALOG_COMPILER_GLOBAL_ACCENT_COLOR_NAME = AccentColor;
				CODE_SIGN_STYLE = Automatic;
				DEVELOPMENT_ASSET_PATHS = "\"App/Preview Content\"";
				DEVELOPMENT_TEAM = HS8WFNRJR6;
				ENABLE_PREVIEWS = YES;
				INFOPLIST_FILE = App/Info.plist;
				IPHONEOS_DEPLOYMENT_TARGET = 14.0;
				LD_RUNPATH_SEARCH_PATHS = (
					"$(inherited)",
					"@executable_path/Frameworks",
				);
				PRODUCT_BUNDLE_IDENTIFIER = com.brunoscheufler.Stapel.UITests.App;
				PRODUCT_NAME = "$(TARGET_NAME)";
				SWIFT_VERSION = 5.0;
				TARGETED_DEVICE_FAMILY = "1,2";
			};
			name = Debug;
		};
		157D28D3259FA61A00DA1642 /* Release */ = {
			isa = XCBuildConfiguration;
			buildSettings = {
				ASSETCATALOG_COMPILER_APPICON_NAME = AppIcon;
				ASSETCATALOG_COMPILER_GLOBAL_ACCENT_COLOR_NAME = AccentColor;
				CODE_SIGN_STYLE = Automatic;
				DEVELOPMENT_ASSET_PATHS = "\"App/Preview Content\"";
				DEVELOPMENT_TEAM = HS8WFNRJR6;
				ENABLE_PREVIEWS = YES;
				INFOPLIST_FILE = App/Info.plist;
				IPHONEOS_DEPLOYMENT_TARGET = 14.0;
				LD_RUNPATH_SEARCH_PATHS = (
					"$(inherited)",
					"@executable_path/Frameworks",
				);
				PRODUCT_BUNDLE_IDENTIFIER = com.brunoscheufler.Stapel.UITests.App;
				PRODUCT_NAME = "$(TARGET_NAME)";
				SWIFT_VERSION = 5.0;
				TARGETED_DEVICE_FAMILY = "1,2";
			};
			name = Release;
		};
		157D28D8259FA61A00DA1642 /* Debug */ = {
			isa = XCBuildConfiguration;
			buildSettings = {
				ALWAYS_EMBED_SWIFT_STANDARD_LIBRARIES = YES;
				CODE_SIGN_STYLE = Automatic;
				DEVELOPMENT_TEAM = HS8WFNRJR6;
				INFOPLIST_FILE = Tests/Info.plist;
				LD_RUNPATH_SEARCH_PATHS = (
					"$(inherited)",
					"@executable_path/Frameworks",
					"@loader_path/Frameworks",
				);
				PRODUCT_BUNDLE_IDENTIFIER = com.brunoscheufler.Stapel.UITests.Tests;
				PRODUCT_NAME = "$(TARGET_NAME)";
				PROVISIONING_PROFILE = "";
				SWIFT_VERSION = 5.0;
				TARGETED_DEVICE_FAMILY = "1,2";
				TEST_TARGET_NAME = App;
			};
			name = Debug;
		};
		157D28D9259FA61A00DA1642 /* Release */ = {
			isa = XCBuildConfiguration;
			buildSettings = {
				ALWAYS_EMBED_SWIFT_STANDARD_LIBRARIES = YES;
				CODE_SIGN_STYLE = Automatic;
				DEVELOPMENT_TEAM = HS8WFNRJR6;
				INFOPLIST_FILE = Tests/Info.plist;
				LD_RUNPATH_SEARCH_PATHS = (
					"$(inherited)",
					"@executable_path/Frameworks",
					"@loader_path/Frameworks",
				);
				PRODUCT_BUNDLE_IDENTIFIER = com.brunoscheufler.Stapel.UITests.Tests;
				PRODUCT_NAME = "$(TARGET_NAME)";
				PROVISIONING_PROFILE = "";
				SWIFT_VERSION = 5.0;
				TARGETED_DEVICE_FAMILY = "1,2";
				TEST_TARGET_NAME = App;
			};
			name = Release;
		};
/* End XCBuildConfiguration section */

/* Begin XCConfigurationList section */
		157D28A7259FA61700DA1642 /* Build configuration list for PBXProject "StapelUITests" */ = {
			isa = XCConfigurationList;
			buildConfigurations = (
				157D28CF259FA61A00DA1642 /* Debug */,
				157D28D0259FA61A00DA1642 /* Release */,
			);
			defaultConfigurationIsVisible = 0;
			defaultConfigurationName = Release;
		};
		157D28D1259FA61A00DA1642 /* Build configuration list for PBXNativeTarget "App" */ = {
			isa = XCConfigurationList;
			buildConfigurations = (
				157D28D2259FA61A00DA1642 /* Debug */,
				157D28D3259FA61A00DA1642 /* Release */,
			);
			defaultConfigurationIsVisible = 0;
			defaultConfigurationName = Release;
		};
		157D28D7259FA61A00DA1642 /* Build configuration list for PBXNativeTarget "Tests" */ = {
			isa = XCConfigurationList;
			buildConfigurations = (
				157D28D8259FA61A00DA1642 /* Debug */,
				157D28D9259FA61A00DA1642 /* Release */,
			);
			defaultConfigurationIsVisible = 0;
			defaultConfigurationName = Release;
		};
/* End XCConfigurationList section */

/* Begin XCRemoteSwiftPackageReference section */
		157D290D259FAAD600DA1642 /* XCRemoteSwiftPackageReference "Stapel" */ = {
			isa = XCRemoteSwiftPackageReference;
			repositoryURL = "https://github.com/BrunoScheufler/Stapel.git";
			requirement = {
				kind = exactVersion;
				version = "1.1.0-alpha.6";
			};
		};
/* End XCRemoteSwiftPackageReference section */

/* Begin XCSwiftPackageProductDependency section */
		157D290E259FAAD600DA1642 /* Stapel */ = {
			isa = XCSwiftPackageProductDependency;
			package = 157D290D259FAAD600DA1642 /* XCRemoteSwiftPackageReference "Stapel" */;
			productName = Stapel;
		};
/* End XCSwiftPackageProductDependency section */
	};
	rootObject = 157D28A4259FA61700DA1642 /* Project object */;
}
